
Microsoft Visual Studio Solution File, Format Version 12.00
# Visual Studio Version 17
VisualStudioVersion = 17.5.002.0
MinimumVisualStudioVersion = 10.0.40219.1
Project("{9A19103F-16F7-4668-BE54-9A1E7A4F7556}") = "CSHARDP-GEOMETRIA", "CSHARDP-GEOMETRIA\CSHARDP-GEOMETRIA.csproj", "{F7E2FD28-0365-4C44-AF7A-0368C8BDD0EF}"
EndProject
Global
	GlobalSection(SolutionConfigurationPlatforms) = preSolution
		Debug|Any CPU = Debug|Any CPU
		Release|Any CPU = Release|Any CPU
	EndGlobalSection
	GlobalSection(ProjectConfigurationPlatforms) = postSolution
		{F7E2FD28-0365-4C44-AF7A-0368C8BDD0EF}.Debug|Any CPU.ActiveCfg = Debug|Any CPU
		{F7E2FD28-0365-4C44-AF7A-0368C8BDD0EF}.Debug|Any CPU.Build.0 = Debug|Any CPU
		{F7E2FD28-0365-4C44-AF7A-0368C8BDD0EF}.Release|Any CPU.ActiveCfg = Release|Any CPU
		{F7E2FD28-0365-4C44-AF7A-0368C8BDD0EF}.Release|Any CPU.Build.0 = Release|Any CPU
	EndGlobalSection
	GlobalSection(SolutionProperties) = preSolution
		HideSolutionNode = FALSE
	EndGlobalSection
	GlobalSection(ExtensibilityGlobals) = postSolution
		SolutionGuid = {5BB45375-AE75-428C-9DD3-D1EC9B808387}
	EndGlobalSection
EndGlobal
